
Microsoft Visual Studio Solution File, Format Version 12.00
# Visual Studio Version 17
VisualStudioVersion = 17.5.33516.290
MinimumVisualStudioVersion = 10.0.40219.1
Project("{9A19103F-16F7-4668-BE54-9A1E7A4F7556}") = "Biblioteca Usuarios", "Biblioteca Usuarios\Biblioteca Usuarios.csproj", "{2391E57C-2A6A-4406-8132-06A7C5F8198A}"
EndProject
Project("{9A19103F-16F7-4668-BE54-9A1E7A4F7556}") = "Sube", "Sube\Sube.csproj", "{0878E9F1-951A-4E1E-B0E8-6680297F4487}"
EndProject
Project("{9A19103F-16F7-4668-BE54-9A1E7A4F7556}") = "Biblioteca TarjetaSube", "Biblioteca TarjetaSube\Biblioteca TarjetaSube.csproj", "{E4F5D6CF-7F29-4419-B912-9130FBBE08ED}"
EndProject
Project("{9A19103F-16F7-4668-BE54-9A1E7A4F7556}") = "MyExceptions", "MyExceptions\MyExceptions.csproj", "{EBB01F1D-6455-4ED1-A9A8-1F3309801FC5}"
EndProject
Project("{9A19103F-16F7-4668-BE54-9A1E7A4F7556}") = "Biblioteca DataBase", "DataBase\Biblioteca DataBase.csproj", "{CFD530EC-96BF-48BD-B2DB-148683808317}"
EndProject
Project("{9A19103F-16F7-4668-BE54-9A1E7A4F7556}") = "Biblioteca Tramites", "Biblioteca Tramites\Biblioteca Tramites.csproj", "{A0D4FD0B-00E8-40D6-849A-8EE94FB75073}"
EndProject
Project("{9A19103F-16F7-4668-BE54-9A1E7A4F7556}") = "Biblioteca Serializadora", "Biblioteca Serializadora\Biblioteca Serializadora.csproj", "{7FD44961-B9B1-4DA8-80F9-57D537D650CE}"
EndProject
Project("{9A19103F-16F7-4668-BE54-9A1E7A4F7556}") = "Logica", "Logica\Logica.csproj", "{E20FC327-4AEA-45C7-9103-45A70DE602D9}"
EndProject
Project("{9A19103F-16F7-4668-BE54-9A1E7A4F7556}") = "SubeEvent", "SubeEvent\SubeEvent.csproj", "{F493608F-0480-4F6A-BFF4-C345DBF0F097}"
EndProject
Project("{9A19103F-16F7-4668-BE54-9A1E7A4F7556}") = "TestProject", "TestProject\TestProject.csproj", "{DA555740-05BA-4A26-ADB9-80B24F9401A0}"
EndProject
Project("{2150E333-8FDC-42A3-9474-1A3956D46DE8}") = "Entidades", "Entidades", "{9F2FF70B-5742-4B1F-9ABE-5B66F13BF25B}"
EndProject
Project("{2150E333-8FDC-42A3-9474-1A3956D46DE8}") = "Interfaz", "Interfaz", "{F41039E6-22F3-463D-A42A-DB2822DC48B9}"
EndProject
Global
	GlobalSection(SolutionConfigurationPlatforms) = preSolution
		Debug|Any CPU = Debug|Any CPU
		Release|Any CPU = Release|Any CPU
	EndGlobalSection
	GlobalSection(ProjectConfigurationPlatforms) = postSolution
		{2391E57C-2A6A-4406-8132-06A7C5F8198A}.Debug|Any CPU.ActiveCfg = Debug|Any CPU
		{2391E57C-2A6A-4406-8132-06A7C5F8198A}.Debug|Any CPU.Build.0 = Debug|Any CPU
		{2391E57C-2A6A-4406-8132-06A7C5F8198A}.Release|Any CPU.ActiveCfg = Release|Any CPU
		{2391E57C-2A6A-4406-8132-06A7C5F8198A}.Release|Any CPU.Build.0 = Release|Any CPU
		{0878E9F1-951A-4E1E-B0E8-6680297F4487}.Debug|Any CPU.ActiveCfg = Debug|Any CPU
		{0878E9F1-951A-4E1E-B0E8-6680297F4487}.Debug|Any CPU.Build.0 = Debug|Any CPU
		{0878E9F1-951A-4E1E-B0E8-6680297F4487}.Release|Any CPU.ActiveCfg = Release|Any CPU
		{0878E9F1-951A-4E1E-B0E8-6680297F4487}.Release|Any CPU.Build.0 = Release|Any CPU
		{E4F5D6CF-7F29-4419-B912-9130FBBE08ED}.Debug|Any CPU.ActiveCfg = Debug|Any CPU
		{E4F5D6CF-7F29-4419-B912-9130FBBE08ED}.Debug|Any CPU.Build.0 = Debug|Any CPU
		{E4F5D6CF-7F29-4419-B912-9130FBBE08ED}.Release|Any CPU.ActiveCfg = Release|Any CPU
		{E4F5D6CF-7F29-4419-B912-9130FBBE08ED}.Release|Any CPU.Build.0 = Release|Any CPU
		{EBB01F1D-6455-4ED1-A9A8-1F3309801FC5}.Debug|Any CPU.ActiveCfg = Debug|Any CPU
		{EBB01F1D-6455-4ED1-A9A8-1F3309801FC5}.Debug|Any CPU.Build.0 = Debug|Any CPU
		{EBB01F1D-6455-4ED1-A9A8-1F3309801FC5}.Release|Any CPU.ActiveCfg = Release|Any CPU
		{EBB01F1D-6455-4ED1-A9A8-1F3309801FC5}.Release|Any CPU.Build.0 = Release|Any CPU
		{CFD530EC-96BF-48BD-B2DB-148683808317}.Debug|Any CPU.ActiveCfg = Debug|Any CPU
		{CFD530EC-96BF-48BD-B2DB-148683808317}.Debug|Any CPU.Build.0 = Debug|Any CPU
		{CFD530EC-96BF-48BD-B2DB-148683808317}.Release|Any CPU.ActiveCfg = Release|Any CPU
		{CFD530EC-96BF-48BD-B2DB-148683808317}.Release|Any CPU.Build.0 = Release|Any CPU
		{A0D4FD0B-00E8-40D6-849A-8EE94FB75073}.Debug|Any CPU.ActiveCfg = Debug|Any CPU
		{A0D4FD0B-00E8-40D6-849A-8EE94FB75073}.Debug|Any CPU.Build.0 = Debug|Any CPU
		{A0D4FD0B-00E8-40D6-849A-8EE94FB75073}.Release|Any CPU.ActiveCfg = Release|Any CPU
		{A0D4FD0B-00E8-40D6-849A-8EE94FB75073}.Release|Any CPU.Build.0 = Release|Any CPU
		{7FD44961-B9B1-4DA8-80F9-57D537D650CE}.Debug|Any CPU.ActiveCfg = Debug|Any CPU
		{7FD44961-B9B1-4DA8-80F9-57D537D650CE}.Debug|Any CPU.Build.0 = Debug|Any CPU
		{7FD44961-B9B1-4DA8-80F9-57D537D650CE}.Release|Any CPU.ActiveCfg = Release|Any CPU
		{7FD44961-B9B1-4DA8-80F9-57D537D650CE}.Release|Any CPU.Build.0 = Release|Any CPU
		{E20FC327-4AEA-45C7-9103-45A70DE602D9}.Debug|Any CPU.ActiveCfg = Debug|Any CPU
		{E20FC327-4AEA-45C7-9103-45A70DE602D9}.Debug|Any CPU.Build.0 = Debug|Any CPU
		{E20FC327-4AEA-45C7-9103-45A70DE602D9}.Release|Any CPU.ActiveCfg = Release|Any CPU
		{E20FC327-4AEA-45C7-9103-45A70DE602D9}.Release|Any CPU.Build.0 = Release|Any CPU
		{F493608F-0480-4F6A-BFF4-C345DBF0F097}.Debug|Any CPU.ActiveCfg = Debug|Any CPU
		{F493608F-0480-4F6A-BFF4-C345DBF0F097}.Debug|Any CPU.Build.0 = Debug|Any CPU
		{F493608F-0480-4F6A-BFF4-C345DBF0F097}.Release|Any CPU.ActiveCfg = Release|Any CPU
		{F493608F-0480-4F6A-BFF4-C345DBF0F097}.Release|Any CPU.Build.0 = Release|Any CPU
		{DA555740-05BA-4A26-ADB9-80B24F9401A0}.Debug|Any CPU.ActiveCfg = Debug|Any CPU
		{DA555740-05BA-4A26-ADB9-80B24F9401A0}.Debug|Any CPU.Build.0 = Debug|Any CPU
		{DA555740-05BA-4A26-ADB9-80B24F9401A0}.Release|Any CPU.ActiveCfg = Release|Any CPU
		{DA555740-05BA-4A26-ADB9-80B24F9401A0}.Release|Any CPU.Build.0 = Release|Any CPU
	EndGlobalSection
	GlobalSection(SolutionProperties) = preSolution
		HideSolutionNode = FALSE
	EndGlobalSection
	GlobalSection(NestedProjects) = preSolution
		{2391E57C-2A6A-4406-8132-06A7C5F8198A} = {9F2FF70B-5742-4B1F-9ABE-5B66F13BF25B}
		{0878E9F1-951A-4E1E-B0E8-6680297F4487} = {F41039E6-22F3-463D-A42A-DB2822DC48B9}
		{E4F5D6CF-7F29-4419-B912-9130FBBE08ED} = {9F2FF70B-5742-4B1F-9ABE-5B66F13BF25B}
		{EBB01F1D-6455-4ED1-A9A8-1F3309801FC5} = {9F2FF70B-5742-4B1F-9ABE-5B66F13BF25B}
		{CFD530EC-96BF-48BD-B2DB-148683808317} = {9F2FF70B-5742-4B1F-9ABE-5B66F13BF25B}
		{A0D4FD0B-00E8-40D6-849A-8EE94FB75073} = {9F2FF70B-5742-4B1F-9ABE-5B66F13BF25B}
		{7FD44961-B9B1-4DA8-80F9-57D537D650CE} = {9F2FF70B-5742-4B1F-9ABE-5B66F13BF25B}
		{E20FC327-4AEA-45C7-9103-45A70DE602D9} = {9F2FF70B-5742-4B1F-9ABE-5B66F13BF25B}
		{F493608F-0480-4F6A-BFF4-C345DBF0F097} = {9F2FF70B-5742-4B1F-9ABE-5B66F13BF25B}
	EndGlobalSection
	GlobalSection(ExtensibilityGlobals) = postSolution
		SolutionGuid = {AB2115F0-B176-4693-A18F-5383721424DC}
	EndGlobalSection
EndGlobal
